
Microsoft Visual Studio Solution File, Format Version 12.00
# Visual Studio 2012
Project("{FAE04EC0-301F-11D3-BF4B-00C04F79EFBC}") = "PhanMemQLNhaSach", "PhanMemQLNhaSach\PhanMemQLNhaSach.csproj", "{25498FD7-DB85-4107-848F-C3349BD72501}"
EndProject
Project("{FAE04EC0-301F-11D3-BF4B-00C04F79EFBC}") = "ClassLibrary1", "ClassLibrary1\ClassLibrary1.csproj", "{41237E12-3FEE-4CE5-96D5-16A2FE8D2417}"
EndProject
Global
	GlobalSection(SolutionConfigurationPlatforms) = preSolution
		Debug|Any CPU = Debug|Any CPU
		Release|Any CPU = Release|Any CPU
	EndGlobalSection
	GlobalSection(ProjectConfigurationPlatforms) = postSolution
		{25498FD7-DB85-4107-848F-C3349BD72501}.Debug|Any CPU.ActiveCfg = Debug|Any CPU
		{25498FD7-DB85-4107-848F-C3349BD72501}.Debug|Any CPU.Build.0 = Debug|Any CPU
		{25498FD7-DB85-4107-848F-C3349BD72501}.Release|Any CPU.ActiveCfg = Release|Any CPU
		{25498FD7-DB85-4107-848F-C3349BD72501}.Release|Any CPU.Build.0 = Release|Any CPU
		{41237E12-3FEE-4CE5-96D5-16A2FE8D2417}.Debug|Any CPU.ActiveCfg = Debug|Any CPU
		{41237E12-3FEE-4CE5-96D5-16A2FE8D2417}.Debug|Any CPU.Build.0 = Debug|Any CPU
		{41237E12-3FEE-4CE5-96D5-16A2FE8D2417}.Release|Any CPU.ActiveCfg = Release|Any CPU
		{41237E12-3FEE-4CE5-96D5-16A2FE8D2417}.Release|Any CPU.Build.0 = Release|Any CPU
	EndGlobalSection
	GlobalSection(SolutionProperties) = preSolution
		HideSolutionNode = FALSE
	EndGlobalSection
EndGlobal
